
Microsoft Visual Studio Solution File, Format Version 12.00
# Visual Studio Version 16
VisualStudioVersion = 16.0.30330.147
MinimumVisualStudioVersion = 10.0.40219.1
Project("{FAE04EC0-301F-11D3-BF4B-00C04F79EFBC}") = "CSH1_Tag_03_Aufgabe_01", "CSH1_Tag_03_Aufgabe_01\CSH1_Tag_03_Aufgabe_01.csproj", "{1372D7CF-1409-49DC-9546-AD09EDCD38EA}"
EndProject
Global
	GlobalSection(SolutionConfigurationPlatforms) = preSolution
		Debug|Any CPU = Debug|Any CPU
		Release|Any CPU = Release|Any CPU
	EndGlobalSection
	GlobalSection(ProjectConfigurationPlatforms) = postSolution
		{1372D7CF-1409-49DC-9546-AD09EDCD38EA}.Debug|Any CPU.ActiveCfg = Debug|Any CPU
		{1372D7CF-1409-49DC-9546-AD09EDCD38EA}.Debug|Any CPU.Build.0 = Debug|Any CPU
		{1372D7CF-1409-49DC-9546-AD09EDCD38EA}.Release|Any CPU.ActiveCfg = Release|Any CPU
		{1372D7CF-1409-49DC-9546-AD09EDCD38EA}.Release|Any CPU.Build.0 = Release|Any CPU
	EndGlobalSection
	GlobalSection(SolutionProperties) = preSolution
		HideSolutionNode = FALSE
	EndGlobalSection
	GlobalSection(ExtensibilityGlobals) = postSolution
		SolutionGuid = {157A49A2-BCB7-4EDC-B942-110139551D71}
	EndGlobalSection
EndGlobal
