
Microsoft Visual Studio Solution File, Format Version 12.00
# Visual Studio Version 16
VisualStudioVersion = 16.0.30330.147
MinimumVisualStudioVersion = 10.0.40219.1
Project("{FAE04EC0-301F-11D3-BF4B-00C04F79EFBC}") = "CSH1_Tag_03_Aufgabe_ 02", "CSH1_Tag_03_Aufgabe_ 02\CSH1_Tag_03_Aufgabe_ 02.csproj", "{A2EC47B2-4BA0-487B-9382-D395C4A09FE4}"
EndProject
Global
	GlobalSection(SolutionConfigurationPlatforms) = preSolution
		Debug|Any CPU = Debug|Any CPU
		Release|Any CPU = Release|Any CPU
	EndGlobalSection
	GlobalSection(ProjectConfigurationPlatforms) = postSolution
		{A2EC47B2-4BA0-487B-9382-D395C4A09FE4}.Debug|Any CPU.ActiveCfg = Debug|Any CPU
		{A2EC47B2-4BA0-487B-9382-D395C4A09FE4}.Debug|Any CPU.Build.0 = Debug|Any CPU
		{A2EC47B2-4BA0-487B-9382-D395C4A09FE4}.Release|Any CPU.ActiveCfg = Release|Any CPU
		{A2EC47B2-4BA0-487B-9382-D395C4A09FE4}.Release|Any CPU.Build.0 = Release|Any CPU
	EndGlobalSection
	GlobalSection(SolutionProperties) = preSolution
		HideSolutionNode = FALSE
	EndGlobalSection
	GlobalSection(ExtensibilityGlobals) = postSolution
		SolutionGuid = {A0713B0A-EFA4-4AE6-AB0E-DFC3F203A595}
	EndGlobalSection
EndGlobal
